
Microsoft Visual Studio Solution File, Format Version 12.00
# Visual Studio Version 17
VisualStudioVersion = 17.6.33829.357
MinimumVisualStudioVersion = 10.0.40219.1
Project("{FAE04EC0-301F-11D3-BF4B-00C04F79EFBC}") = "Поиск ломающего коммита", "Поиск ломающего коммита\Поиск ломающего коммита.csproj", "{6256F6D9-DAF7-4453-870E-67B496C9111B}"
EndProject
Global
	GlobalSection(SolutionConfigurationPlatforms) = preSolution
		Debug|Any CPU = Debug|Any CPU
		Release|Any CPU = Release|Any CPU
	EndGlobalSection
	GlobalSection(ProjectConfigurationPlatforms) = postSolution
		{6256F6D9-DAF7-4453-870E-67B496C9111B}.Debug|Any CPU.ActiveCfg = Debug|Any CPU
		{6256F6D9-DAF7-4453-870E-67B496C9111B}.Debug|Any CPU.Build.0 = Debug|Any CPU
		{6256F6D9-DAF7-4453-870E-67B496C9111B}.Release|Any CPU.ActiveCfg = Release|Any CPU
		{6256F6D9-DAF7-4453-870E-67B496C9111B}.Release|Any CPU.Build.0 = Release|Any CPU
	EndGlobalSection
	GlobalSection(SolutionProperties) = preSolution
		HideSolutionNode = FALSE
	EndGlobalSection
	GlobalSection(ExtensibilityGlobals) = postSolution
		SolutionGuid = {AEBCB8C6-8860-47EE-B414-D333C5A9690A}
	EndGlobalSection
EndGlobal
